
Microsoft Visual Studio Solution File, Format Version 12.00
# Visual Studio 15
Project("{FAE04EC0-301F-11D3-BF4B-00C04F79EFBC}") = "Assembly-CSharp", "Assembly-CSharp.csproj", "{2D735CAA-4FCD-D7C2-E8CE-DC41017C1291}"
EndProject
Project("{FAE04EC0-301F-11D3-BF4B-00C04F79EFBC}") = "Assembly-CSharp-Editor", "Assembly-CSharp-Editor.csproj", "{EC1597F7-379A-C944-3A88-72DB0912FFAE}"
EndProject
Global
	GlobalSection(SolutionConfigurationPlatforms) = preSolution
		Debug|Any CPU = Debug|Any CPU
		Release|Any CPU = Release|Any CPU
	EndGlobalSection
	GlobalSection(ProjectConfigurationPlatforms) = postSolution
		{2D735CAA-4FCD-D7C2-E8CE-DC41017C1291}.Debug|Any CPU.ActiveCfg = Debug|Any CPU
		{2D735CAA-4FCD-D7C2-E8CE-DC41017C1291}.Debug|Any CPU.Build.0 = Debug|Any CPU
		{2D735CAA-4FCD-D7C2-E8CE-DC41017C1291}.Release|Any CPU.ActiveCfg = Release|Any CPU
		{2D735CAA-4FCD-D7C2-E8CE-DC41017C1291}.Release|Any CPU.Build.0 = Release|Any CPU
		{EC1597F7-379A-C944-3A88-72DB0912FFAE}.Debug|Any CPU.ActiveCfg = Debug|Any CPU
		{EC1597F7-379A-C944-3A88-72DB0912FFAE}.Debug|Any CPU.Build.0 = Debug|Any CPU
		{EC1597F7-379A-C944-3A88-72DB0912FFAE}.Release|Any CPU.ActiveCfg = Release|Any CPU
		{EC1597F7-379A-C944-3A88-72DB0912FFAE}.Release|Any CPU.Build.0 = Release|Any CPU
	EndGlobalSection
	GlobalSection(SolutionProperties) = preSolution
		HideSolutionNode = FALSE
	EndGlobalSection
EndGlobal
